<?xml version="1.0" encoding="utf-8"?>
<Project ToolsVersion="4.0" xmlns="http://schemas.microsoft.com/developer/msbuild/2003">
  <ItemGroup>
    <Filter Include="소스 파일">
      <UniqueIdentifier>{4FC737F1-C7A5-4376-A066-2A32D752A2FF}</UniqueIdentifier>
      <Extensions>cpp;c;cc;cxx;def;odl;idl;hpj;bat;asm;asmx</Extensions>
    </Filter>
    <Filter Include="헤더 파일">
      <UniqueIdentifier>{93995380-89BD-4b04-88EB-625FBE52EBFB}</UniqueIdentifier>
      <Extensions>h;hh;hpp;hxx;hm;inl;inc;ipp;xsd</Extensions>
    </Filter>
    <Filter Include="리소스 파일">
      <UniqueIdentifier>{67DA6AB6-F800-4c08-8B7A-83BB121AAD01}</UniqueIdentifier>
      <Extensions>rc;ico;cur;bmp;dlg;rc2;rct;bin;rgs;gif;jpg;jpeg;jpe;resx;tiff;tif;png;wav;mfcribbon-ms</Extensions>
    </Filter>
    <Filter Include="소스 파일\입출력">
      <UniqueIdentifier>{add99176-eedc-4bcd-ae3b-5d421a90ab6e}</UniqueIdentifier>
    </Filter>
    <Filter Include="소스 파일\사칙연산">
      <UniqueIdentifier>{9acd5d18-a93d-4efc-aece-484887e1c83c}</UniqueIdentifier>
    </Filter>
    <Filter Include="소스 파일\for">
      <UniqueIdentifier>{2a94e5f1-b1bd-4af3-b0f1-32da2d4a7f95}</UniqueIdentifier>
    </Filter>
    <Filter Include="소스 파일\if">
      <UniqueIdentifier>{d618a5ba-9eaf-4c4f-8095-84f9d57acf5e}</UniqueIdentifier>
    </Filter>
    <Filter Include="소스 파일\함수">
      <UniqueIdentifier>{81cb6c04-3875-4359-a2bb-2d2e3b85b821}</UniqueIdentifier>
    </Filter>
    <Filter Include="소스 파일\1차원배열">
      <UniqueIdentifier>{f20308e8-eee6-4fc5-b8ec-401a91d1e70e}</UniqueIdentifier>
    </Filter>
    <Filter Include="소스 파일\문자열">
      <UniqueIdentifier>{33c94f38-be12-4bfe-8abc-a3180f70a4b4}</UniqueIdentifier>
    </Filter>
    <Filter Include="소스 파일\규칙찾기">
      <UniqueIdentifier>{8ca67b09-18cf-47a0-b7ec-0b72ae969c1e}</UniqueIdentifier>
    </Filter>
    <Filter Include="소스 파일\정렬">
      <UniqueIdentifier>{6ff136d0-1c94-4b2e-9251-920326ab29a2}</UniqueIdentifier>
    </Filter>
    <Filter Include="소스 파일\소수">
      <UniqueIdentifier>{2edb9c9a-9091-4040-a38a-71c40d5b057a}</UniqueIdentifier>
    </Filter>
  </ItemGroup>
  <ItemGroup>
    <ClCompile Include="a+b.cpp">
      <Filter>소스 파일\입출력</Filter>
    </ClCompile>
    <ClCompile Include="helloworld.cpp">
      <Filter>소스 파일\입출력</Filter>
    </ClCompile>
    <ClCompile Include="그대로출력하기.cpp">
      <Filter>소스 파일\입출력</Filter>
    </ClCompile>
    <ClCompile Include="그대로출력하기2.cpp">
      <Filter>소스 파일\입출력</Filter>
    </ClCompile>
    <ClCompile Include="나머지.cpp">
      <Filter>소스 파일\사칙연산</Filter>
    </ClCompile>
    <ClCompile Include="설탕 배달.cpp">
      <Filter>소스 파일\사칙연산</Filter>
    </ClCompile>
    <ClCompile Include="N찍기.cpp">
      <Filter>소스 파일\for</Filter>
    </ClCompile>
    <ClCompile Include="합.cpp">
      <Filter>소스 파일\for</Filter>
    </ClCompile>
    <ClCompile Include="2007년.cpp">
      <Filter>소스 파일\for</Filter>
    </ClCompile>
    <ClCompile Include="숫자의합.cpp">
      <Filter>소스 파일\for</Filter>
    </ClCompile>
    <ClCompile Include="열개씩.cpp">
      <Filter>소스 파일\for</Filter>
    </ClCompile>
    <ClCompile Include="빠른ab.cpp">
      <Filter>소스 파일\for</Filter>
    </ClCompile>
    <ClCompile Include="시험성적.cpp">
      <Filter>소스 파일\if</Filter>
    </ClCompile>
    <ClCompile Include="세수.cpp">
      <Filter>소스 파일\if</Filter>
    </ClCompile>
    <ClCompile Include="x보다작은수.cpp">
      <Filter>소스 파일\if</Filter>
    </ClCompile>
    <ClCompile Include="평균.cpp">
      <Filter>소스 파일\if</Filter>
    </ClCompile>
    <ClCompile Include="평균은넘겠지.cpp">
      <Filter>소스 파일\if</Filter>
    </ClCompile>
    <ClCompile Include="더하기 사이클.cpp">
      <Filter>소스 파일\if</Filter>
    </ClCompile>
    <ClCompile Include="셀프넘버.cpp">
      <Filter>소스 파일\함수</Filter>
    </ClCompile>
    <ClCompile Include="한수.cpp">
      <Filter>소스 파일\함수</Filter>
    </ClCompile>
    <ClCompile Include="단어의개수.cpp">
      <Filter>소스 파일\1차원배열</Filter>
    </ClCompile>
    <ClCompile Include="숫자의개수.cpp">
      <Filter>소스 파일\1차원배열</Filter>
    </ClCompile>
    <ClCompile Include="ox퀴즈.cpp">
      <Filter>소스 파일\1차원배열</Filter>
    </ClCompile>
    <ClCompile Include="음계.cpp">
      <Filter>소스 파일\1차원배열</Filter>
    </ClCompile>
    <ClCompile Include="평균점수.cpp">
      <Filter>소스 파일\1차원배열</Filter>
    </ClCompile>
    <ClCompile Include="아스키코드.cpp">
      <Filter>소스 파일\문자열</Filter>
    </ClCompile>
    <ClCompile Include="알파벳찾기.cpp">
      <Filter>소스 파일\문자열</Filter>
    </ClCompile>
    <ClCompile Include="문자열반복.cpp">
      <Filter>소스 파일\문자열</Filter>
    </ClCompile>
    <ClCompile Include="단어공부.cpp">
      <Filter>소스 파일\문자열</Filter>
    </ClCompile>
    <ClCompile Include="그룹단어체커.cpp">
      <Filter>소스 파일\문자열</Filter>
    </ClCompile>
    <ClCompile Include="상수.cpp">
      <Filter>소스 파일\문자열</Filter>
    </ClCompile>
    <ClCompile Include="다이얼.cpp">
      <Filter>소스 파일\문자열</Filter>
    </ClCompile>
    <ClCompile Include="크로아티아알파벳.cpp">
      <Filter>소스 파일\문자열</Filter>
    </ClCompile>
    <ClCompile Include="벌집.cpp">
      <Filter>소스 파일\규칙찾기</Filter>
    </ClCompile>
    <ClCompile Include="분수찾기.cpp">
      <Filter>소스 파일\규칙찾기</Filter>
    </ClCompile>
    <ClCompile Include="flyme.cpp">
      <Filter>소스 파일\규칙찾기</Filter>
    </ClCompile>
    <ClCompile Include="acm호텔.cpp">
      <Filter>소스 파일\규칙찾기</Filter>
    </ClCompile>
    <ClCompile Include="부녀회장이될테야.cpp">
      <Filter>소스 파일\규칙찾기</Filter>
    </ClCompile>
    <ClCompile Include="방번호.cpp">
      <Filter>소스 파일\규칙찾기</Filter>
    </ClCompile>
    <ClCompile Include="카잉달력.cpp">
      <Filter>소스 파일\규칙찾기</Filter>
    </ClCompile>
    <ClCompile Include="수정렬.cpp">
      <Filter>소스 파일\정렬</Filter>
    </ClCompile>
    <ClCompile Include="수정렬2.cpp">
      <Filter>소스 파일\정렬</Filter>
    </ClCompile>
    <ClCompile Include="수정렬3.cpp">
      <Filter>소스 파일\정렬</Filter>
    </ClCompile>
    <ClCompile Include="통계학.cpp">
      <Filter>소스 파일\정렬</Filter>
    </ClCompile>
    <ClCompile Include="소트인사이드.cpp">
      <Filter>소스 파일\정렬</Filter>
    </ClCompile>
    <ClCompile Include="소수찾기.cpp">
      <Filter>소스 파일\소수</Filter>
    </ClCompile>
    <ClCompile Include="단어정렬.cpp">
      <Filter>소스 파일\정렬</Filter>
    </ClCompile>
    <ClCompile Include="소수.cpp">
      <Filter>소스 파일\소수</Filter>
    </ClCompile>
    <ClCompile Include="소수구하기.cpp">
      <Filter>소스 파일\소수</Filter>
    </ClCompile>
    <ClCompile Include="베르트랑공준.cpp">
      <Filter>소스 파일\소수</Filter>
    </ClCompile>
  </ItemGroup>
</Project>